
Microsoft Visual Studio Solution File, Format Version 12.00
# Visual Studio 15
VisualStudioVersion = 15.0.28307.1169
MinimumVisualStudioVersion = 10.0.40219.1
Project("{888888A0-9F3D-457C-B088-3A5042F75D52}") = "CLIP4clip", "CLIP4clip.pyproj", "{D1B47860-407A-4B8D-93A7-8C07F00A1EA7}"
EndProject
Global
	GlobalSection(SolutionConfigurationPlatforms) = preSolution
		Debug|Any CPU = Debug|Any CPU
		Release|Any CPU = Release|Any CPU
	EndGlobalSection
	GlobalSection(ProjectConfigurationPlatforms) = postSolution
		{D1B47860-407A-4B8D-93A7-8C07F00A1EA7}.Debug|Any CPU.ActiveCfg = Debug|Any CPU
		{D1B47860-407A-4B8D-93A7-8C07F00A1EA7}.Release|Any CPU.ActiveCfg = Release|Any CPU
	EndGlobalSection
	GlobalSection(SolutionProperties) = preSolution
		HideSolutionNode = FALSE
	EndGlobalSection
	GlobalSection(ExtensibilityGlobals) = postSolution
		SolutionGuid = {3B9A4872-7CEB-46FF-B888-3A77F5A8BE94}
	EndGlobalSection
EndGlobal
